
Microsoft Visual Studio Solution File, Format Version 12.00
# Visual Studio 15
VisualStudioVersion = 15.0.28307.329
MinimumVisualStudioVersion = 10.0.40219.1
Project("{9A19103F-16F7-4668-BE54-9A1E7A4F7556}") = "Agatha.WebUI", "Agatha.API\Agatha.WebUI.csproj", "{98B5E963-AAB7-4E63-BFDA-861582F94781}"
EndProject
Project("{2150E333-8FDC-42A3-9474-1A3956D46DE8}") = "Src", "Src", "{FA1738C1-A824-4236-AA1F-543299F93CAF}"
EndProject
Project("{2150E333-8FDC-42A3-9474-1A3956D46DE8}") = "Core", "Core", "{66022FDF-2CCB-4B86-AD8E-7AEC6D90863A}"
EndProject
Project("{2150E333-8FDC-42A3-9474-1A3956D46DE8}") = "Infrasctructure", "Infrasctructure", "{BECA8C84-22ED-4916-B7A9-BE853AC38B29}"
EndProject
Project("{2150E333-8FDC-42A3-9474-1A3956D46DE8}") = "Presentation", "Presentation", "{88ACAC06-30CC-4495-94DA-8D4BBB6D732E}"
EndProject
Project("{9A19103F-16F7-4668-BE54-9A1E7A4F7556}") = "Agatha.Application", "Agatha.Application\Agatha.Application.csproj", "{0A1D7F39-741F-48EA-99AA-68A08C9C1ABB}"
EndProject
Project("{9A19103F-16F7-4668-BE54-9A1E7A4F7556}") = "Agatha.Domain", "Agatha.Domain\Agatha.Domain.csproj", "{83645935-3142-4D1D-90A0-A46D5A5D8A93}"
EndProject
Project("{9A19103F-16F7-4668-BE54-9A1E7A4F7556}") = "Agatha.Infrasctructure", "Agatha.Infrasctructure\Agatha.Infrasctructure.csproj", "{6B40763E-1E41-4FF6-955F-284BA57C400A}"
EndProject
Project("{9A19103F-16F7-4668-BE54-9A1E7A4F7556}") = "Agatha.Persistence", "Agatha.Persistence\Agatha.Persistence.csproj", "{6861D445-48F5-4F0F-A9A5-4F96B7533606}"
EndProject
Project("{2150E333-8FDC-42A3-9474-1A3956D46DE8}") = "Common", "Common", "{F38D5E3E-F15E-4BE1-9B88-2513F87C2CA3}"
EndProject
Project("{9A19103F-16F7-4668-BE54-9A1E7A4F7556}") = "Agatha.Common", "Agatha.Common\Agatha.Common.csproj", "{1D6D7C7E-507A-4960-95D0-96193F0F57A3}"
EndProject
Project("{00D1A9C2-B5F0-4AF3-8072-F6C62B433612}") = "Agatha.SqlDataBase", "Agatha.SqlDataBase\Agatha.SqlDataBase.sqlproj", "{BC3413AE-6246-408F-9620-D0640DB009B7}"
EndProject
Global
	GlobalSection(SolutionConfigurationPlatforms) = preSolution
		Debug|Any CPU = Debug|Any CPU
		Release|Any CPU = Release|Any CPU
	EndGlobalSection
	GlobalSection(ProjectConfigurationPlatforms) = postSolution
		{98B5E963-AAB7-4E63-BFDA-861582F94781}.Debug|Any CPU.ActiveCfg = Debug|Any CPU
		{98B5E963-AAB7-4E63-BFDA-861582F94781}.Debug|Any CPU.Build.0 = Debug|Any CPU
		{98B5E963-AAB7-4E63-BFDA-861582F94781}.Release|Any CPU.ActiveCfg = Release|Any CPU
		{98B5E963-AAB7-4E63-BFDA-861582F94781}.Release|Any CPU.Build.0 = Release|Any CPU
		{0A1D7F39-741F-48EA-99AA-68A08C9C1ABB}.Debug|Any CPU.ActiveCfg = Debug|Any CPU
		{0A1D7F39-741F-48EA-99AA-68A08C9C1ABB}.Debug|Any CPU.Build.0 = Debug|Any CPU
		{0A1D7F39-741F-48EA-99AA-68A08C9C1ABB}.Release|Any CPU.ActiveCfg = Release|Any CPU
		{0A1D7F39-741F-48EA-99AA-68A08C9C1ABB}.Release|Any CPU.Build.0 = Release|Any CPU
		{83645935-3142-4D1D-90A0-A46D5A5D8A93}.Debug|Any CPU.ActiveCfg = Debug|Any CPU
		{83645935-3142-4D1D-90A0-A46D5A5D8A93}.Debug|Any CPU.Build.0 = Debug|Any CPU
		{83645935-3142-4D1D-90A0-A46D5A5D8A93}.Release|Any CPU.ActiveCfg = Release|Any CPU
		{83645935-3142-4D1D-90A0-A46D5A5D8A93}.Release|Any CPU.Build.0 = Release|Any CPU
		{6B40763E-1E41-4FF6-955F-284BA57C400A}.Debug|Any CPU.ActiveCfg = Debug|Any CPU
		{6B40763E-1E41-4FF6-955F-284BA57C400A}.Debug|Any CPU.Build.0 = Debug|Any CPU
		{6B40763E-1E41-4FF6-955F-284BA57C400A}.Release|Any CPU.ActiveCfg = Release|Any CPU
		{6B40763E-1E41-4FF6-955F-284BA57C400A}.Release|Any CPU.Build.0 = Release|Any CPU
		{6861D445-48F5-4F0F-A9A5-4F96B7533606}.Debug|Any CPU.ActiveCfg = Debug|Any CPU
		{6861D445-48F5-4F0F-A9A5-4F96B7533606}.Debug|Any CPU.Build.0 = Debug|Any CPU
		{6861D445-48F5-4F0F-A9A5-4F96B7533606}.Release|Any CPU.ActiveCfg = Release|Any CPU
		{6861D445-48F5-4F0F-A9A5-4F96B7533606}.Release|Any CPU.Build.0 = Release|Any CPU
		{1D6D7C7E-507A-4960-95D0-96193F0F57A3}.Debug|Any CPU.ActiveCfg = Debug|Any CPU
		{1D6D7C7E-507A-4960-95D0-96193F0F57A3}.Debug|Any CPU.Build.0 = Debug|Any CPU
		{1D6D7C7E-507A-4960-95D0-96193F0F57A3}.Release|Any CPU.ActiveCfg = Release|Any CPU
		{1D6D7C7E-507A-4960-95D0-96193F0F57A3}.Release|Any CPU.Build.0 = Release|Any CPU
		{BC3413AE-6246-408F-9620-D0640DB009B7}.Debug|Any CPU.ActiveCfg = Debug|Any CPU
		{BC3413AE-6246-408F-9620-D0640DB009B7}.Debug|Any CPU.Build.0 = Debug|Any CPU
		{BC3413AE-6246-408F-9620-D0640DB009B7}.Debug|Any CPU.Deploy.0 = Debug|Any CPU
		{BC3413AE-6246-408F-9620-D0640DB009B7}.Release|Any CPU.ActiveCfg = Release|Any CPU
		{BC3413AE-6246-408F-9620-D0640DB009B7}.Release|Any CPU.Build.0 = Release|Any CPU
		{BC3413AE-6246-408F-9620-D0640DB009B7}.Release|Any CPU.Deploy.0 = Release|Any CPU
	EndGlobalSection
	GlobalSection(SolutionProperties) = preSolution
		HideSolutionNode = FALSE
	EndGlobalSection
	GlobalSection(NestedProjects) = preSolution
		{98B5E963-AAB7-4E63-BFDA-861582F94781} = {88ACAC06-30CC-4495-94DA-8D4BBB6D732E}
		{66022FDF-2CCB-4B86-AD8E-7AEC6D90863A} = {FA1738C1-A824-4236-AA1F-543299F93CAF}
		{BECA8C84-22ED-4916-B7A9-BE853AC38B29} = {FA1738C1-A824-4236-AA1F-543299F93CAF}
		{88ACAC06-30CC-4495-94DA-8D4BBB6D732E} = {FA1738C1-A824-4236-AA1F-543299F93CAF}
		{0A1D7F39-741F-48EA-99AA-68A08C9C1ABB} = {66022FDF-2CCB-4B86-AD8E-7AEC6D90863A}
		{83645935-3142-4D1D-90A0-A46D5A5D8A93} = {66022FDF-2CCB-4B86-AD8E-7AEC6D90863A}
		{6B40763E-1E41-4FF6-955F-284BA57C400A} = {BECA8C84-22ED-4916-B7A9-BE853AC38B29}
		{6861D445-48F5-4F0F-A9A5-4F96B7533606} = {BECA8C84-22ED-4916-B7A9-BE853AC38B29}
		{F38D5E3E-F15E-4BE1-9B88-2513F87C2CA3} = {FA1738C1-A824-4236-AA1F-543299F93CAF}
		{1D6D7C7E-507A-4960-95D0-96193F0F57A3} = {F38D5E3E-F15E-4BE1-9B88-2513F87C2CA3}
		{BC3413AE-6246-408F-9620-D0640DB009B7} = {BECA8C84-22ED-4916-B7A9-BE853AC38B29}
	EndGlobalSection
	GlobalSection(ExtensibilityGlobals) = postSolution
		SolutionGuid = {2CB0AC0F-4C59-4ED9-9F7C-350F74B47E02}
	EndGlobalSection
EndGlobal
